
Microsoft Visual Studio Solution File, Format Version 12.00
# Visual Studio Version 17
VisualStudioVersion = 17.11.35222.181
MinimumVisualStudioVersion = 10.0.40219.1
Project("{FAE04EC0-301F-11D3-BF4B-00C04F79EFBC}") = "CoffeeShop", "CoffeeShop.csproj", "{DD564C8B-D5EC-4C60-BAF2-041E93FC2224}"
EndProject
Global
	GlobalSection(SolutionConfigurationPlatforms) = preSolution
		Debug|Any CPU = Debug|Any CPU
		Release|Any CPU = Release|Any CPU
	EndGlobalSection
	GlobalSection(ProjectConfigurationPlatforms) = postSolution
		{DD564C8B-D5EC-4C60-BAF2-041E93FC2224}.Debug|Any CPU.ActiveCfg = Debug|Any CPU
		{DD564C8B-D5EC-4C60-BAF2-041E93FC2224}.Debug|Any CPU.Build.0 = Debug|Any CPU
		{DD564C8B-D5EC-4C60-BAF2-041E93FC2224}.Release|Any CPU.ActiveCfg = Release|Any CPU
		{DD564C8B-D5EC-4C60-BAF2-041E93FC2224}.Release|Any CPU.Build.0 = Release|Any CPU
	EndGlobalSection
	GlobalSection(SolutionProperties) = preSolution
		HideSolutionNode = FALSE
	EndGlobalSection
	GlobalSection(ExtensibilityGlobals) = postSolution
		SolutionGuid = {8FA22FE1-BDD9-49B0-AAD8-54CC68939089}
	EndGlobalSection
EndGlobal
